{
  "name": "glitch-hello-react",
  "version": "0.0.3",
  "lockfileVersion": 1,
  "requires": true,
  "dependencies": {
    "@babel/runtime": {
      "version": "7.17.2",
      "requires": {
        "regenerator-runtime": "^0.13.4"
      }
    },
    "@emotion/cache": {
      "version": "11.10.5",
      "resolved": "https://registry.npmjs.org/@emotion/cache/-/cache-11.10.5.tgz",
      "integrity": "sha512-dGYHWyzTdmK+f2+EnIGBpkz1lKc4Zbj2KHd4cX3Wi8/OWr5pKslNjc3yABKH4adRGCvSX4VDC0i04mrrq0aiRA==",
      "requires": {
        "@emotion/memoize": "^0.8.0",
        "@emotion/sheet": "^1.2.1",
        "@emotion/utils": "^1.2.0",
        "@emotion/weak-memoize": "^0.3.0",
        "stylis": "4.1.3"
      }
    },
    "@emotion/is-prop-valid": {
      "version": "1.2.0",
      "resolved": "https://registry.npmjs.org/@emotion/is-prop-valid/-/is-prop-valid-1.2.0.tgz",
      "integrity": "sha512-3aDpDprjM0AwaxGE09bOPkNxHpBd+kA6jty3RnaEXdweX1DF1U3VQpPYb0g1IStAuK7SVQ1cy+bNBBKp4W3Fjg==",
      "requires": {
        "@emotion/memoize": "^0.8.0"
      }
    },
    "@emotion/memoize": {
      "version": "0.8.0",
      "resolved": "https://registry.npmjs.org/@emotion/memoize/-/memoize-0.8.0.tgz",
      "integrity": "sha512-G/YwXTkv7Den9mXDO7AhLWkE3q+I92B+VqAE+dYG4NGPaHZGvt3G8Q0p9vmE+sq7rTGphUbAvmQ9YpbfMQGGlA=="
    },
    "@emotion/sheet": {
      "version": "1.2.1",
      "resolved": "https://registry.npmjs.org/@emotion/sheet/-/sheet-1.2.1.tgz",
      "integrity": "sha512-zxRBwl93sHMsOj4zs+OslQKg/uhF38MB+OMKoCrVuS0nyTkqnau+BM3WGEoOptg9Oz45T/aIGs1qbVAsEFo3nA=="
    },
    "@emotion/utils": {
      "version": "1.2.0",
      "resolved": "https://registry.npmjs.org/@emotion/utils/-/utils-1.2.0.tgz",
      "integrity": "sha512-sn3WH53Kzpw8oQ5mgMmIzzyAaH2ZqFEbozVVBSYp538E06OSE6ytOp7pRAjNQR+Q/orwqdQYJSe2m3hCOeznkw=="
    },
    "@emotion/weak-memoize": {
      "version": "0.3.0",
      "resolved": "https://registry.npmjs.org/@emotion/weak-memoize/-/weak-memoize-0.3.0.tgz",
      "integrity": "sha512-AHPmaAx+RYfZz0eYu6Gviiagpmiyw98ySSlQvCUhVGDRtDFe4DBS0x1bSjdF3gqUDYOczB+yYvBTtEylYSdRhg=="
    },
    "@mui/base": {
      "version": "5.0.0-alpha.121",
      "resolved": "https://registry.npmjs.org/@mui/base/-/base-5.0.0-alpha.121.tgz",
      "integrity": "sha512-8nJRY76UqlJV+q/Yzo0tgGfPWEOa+4N9rjO81fMmcJqP0I6m54hLDXsjvMg4tvelY5eKHXUK6Tb7en+GHfTqZA==",
      "requires": {
        "@babel/runtime": "^7.21.0",
        "@emotion/is-prop-valid": "^1.2.0",
        "@mui/types": "^7.2.3",
        "@mui/utils": "^5.11.13",
        "@popperjs/core": "^2.11.6",
        "clsx": "^1.2.1",
        "prop-types": "^15.8.1",
        "react-is": "^18.2.0"
      },
      "dependencies": {
        "@babel/runtime": {
          "version": "7.21.0",
          "resolved": "https://registry.npmjs.org/@babel/runtime/-/runtime-7.21.0.tgz",
          "integrity": "sha512-xwII0//EObnq89Ji5AKYQaRYiW/nZ3llSv29d49IuxPhKbtJoLP+9QUUZ4nVragQVtaVGeZrpB+ZtG/Pdy/POw==",
          "requires": {
            "regenerator-runtime": "^0.13.11"
          }
        },
        "react-is": {
          "version": "18.2.0",
          "resolved": "https://registry.npmjs.org/react-is/-/react-is-18.2.0.tgz",
          "integrity": "sha512-xWGDIW6x921xtzPkhiULtthJHoJvBbF3q26fzloPCK0hsvxtPVelvftw3zjbHWSkR2km9Z+4uxbDDK/6Zw9B8w=="
        },
        "regenerator-runtime": {
          "version": "0.13.11",
          "resolved": "https://registry.npmjs.org/regenerator-runtime/-/regenerator-runtime-0.13.11.tgz",
          "integrity": "sha512-kY1AZVr2Ra+t+piVaJ4gxaFaReZVH40AKNo7UCX6W+dEwBo/2oZJzqfuN1qLq1oL45o56cPaTXELwrTh8Fpggg=="
        }
      }
    },
    "@mui/core-downloads-tracker": {
      "version": "5.11.13",
      "resolved": "https://registry.npmjs.org/@mui/core-downloads-tracker/-/core-downloads-tracker-5.11.13.tgz",
      "integrity": "sha512-lx+GXBR9h/ApZsEP728tl0pyZyuajto+VnBgsoAzw1d5+CbmOo8ZWieKwVUGxZlPT1wMYNUYS5NtKzCli0xYjw=="
    },
    "@mui/material": {
      "version": "5.11.13",
      "resolved": "https://registry.npmjs.org/@mui/material/-/material-5.11.13.tgz",
      "integrity": "sha512-2CnSj43F+159LbGmTLLQs5xbGYMiYlpTByQhP7c7cMX6opbScctBFE1PuyElpAmwW8Ag9ysfZH1d1MFAmJQkjg==",
      "requires": {
        "@babel/runtime": "^7.21.0",
        "@mui/base": "5.0.0-alpha.121",
        "@mui/core-downloads-tracker": "^5.11.13",
        "@mui/system": "^5.11.13",
        "@mui/types": "^7.2.3",
        "@mui/utils": "^5.11.13",
        "@types/react-transition-group": "^4.4.5",
        "clsx": "^1.2.1",
        "csstype": "^3.1.1",
        "prop-types": "^15.8.1",
        "react-is": "^18.2.0",
        "react-transition-group": "^4.4.5"
      },
      "dependencies": {
        "@babel/runtime": {
          "version": "7.21.0",
          "resolved": "https://registry.npmjs.org/@babel/runtime/-/runtime-7.21.0.tgz",
          "integrity": "sha512-xwII0//EObnq89Ji5AKYQaRYiW/nZ3llSv29d49IuxPhKbtJoLP+9QUUZ4nVragQVtaVGeZrpB+ZtG/Pdy/POw==",
          "requires": {
            "regenerator-runtime": "^0.13.11"
          }
        },
        "react-is": {
          "version": "18.2.0",
          "resolved": "https://registry.npmjs.org/react-is/-/react-is-18.2.0.tgz",
          "integrity": "sha512-xWGDIW6x921xtzPkhiULtthJHoJvBbF3q26fzloPCK0hsvxtPVelvftw3zjbHWSkR2km9Z+4uxbDDK/6Zw9B8w=="
        },
        "regenerator-runtime": {
          "version": "0.13.11",
          "resolved": "https://registry.npmjs.org/regenerator-runtime/-/regenerator-runtime-0.13.11.tgz",
          "integrity": "sha512-kY1AZVr2Ra+t+piVaJ4gxaFaReZVH40AKNo7UCX6W+dEwBo/2oZJzqfuN1qLq1oL45o56cPaTXELwrTh8Fpggg=="
        }
      }
    },
    "@mui/private-theming": {
      "version": "5.11.13",
      "resolved": "https://registry.npmjs.org/@mui/private-theming/-/private-theming-5.11.13.tgz",
      "integrity": "sha512-PJnYNKzW5LIx3R+Zsp6WZVPs6w5sEKJ7mgLNnUXuYB1zo5aX71FVLtV7geyPXRcaN2tsoRNK7h444ED0t7cIjA==",
      "requires": {
        "@babel/runtime": "^7.21.0",
        "@mui/utils": "^5.11.13",
        "prop-types": "^15.8.1"
      },
      "dependencies": {
        "@babel/runtime": {
          "version": "7.21.0",
          "resolved": "https://registry.npmjs.org/@babel/runtime/-/runtime-7.21.0.tgz",
          "integrity": "sha512-xwII0//EObnq89Ji5AKYQaRYiW/nZ3llSv29d49IuxPhKbtJoLP+9QUUZ4nVragQVtaVGeZrpB+ZtG/Pdy/POw==",
          "requires": {
            "regenerator-runtime": "^0.13.11"
          }
        },
        "regenerator-runtime": {
          "version": "0.13.11",
          "resolved": "https://registry.npmjs.org/regenerator-runtime/-/regenerator-runtime-0.13.11.tgz",
          "integrity": "sha512-kY1AZVr2Ra+t+piVaJ4gxaFaReZVH40AKNo7UCX6W+dEwBo/2oZJzqfuN1qLq1oL45o56cPaTXELwrTh8Fpggg=="
        }
      }
    },
    "@mui/styled-engine": {
      "version": "5.11.11",
      "resolved": "https://registry.npmjs.org/@mui/styled-engine/-/styled-engine-5.11.11.tgz",
      "integrity": "sha512-wV0UgW4lN5FkDBXefN8eTYeuE9sjyQdg5h94vtwZCUamGQEzmCOtir4AakgmbWMy0x8OLjdEUESn9wnf5J9MOg==",
      "requires": {
        "@babel/runtime": "^7.21.0",
        "@emotion/cache": "^11.10.5",
        "csstype": "^3.1.1",
        "prop-types": "^15.8.1"
      },
      "dependencies": {
        "@babel/runtime": {
          "version": "7.21.0",
          "resolved": "https://registry.npmjs.org/@babel/runtime/-/runtime-7.21.0.tgz",
          "integrity": "sha512-xwII0//EObnq89Ji5AKYQaRYiW/nZ3llSv29d49IuxPhKbtJoLP+9QUUZ4nVragQVtaVGeZrpB+ZtG/Pdy/POw==",
          "requires": {
            "regenerator-runtime": "^0.13.11"
          }
        },
        "regenerator-runtime": {
          "version": "0.13.11",
          "resolved": "https://registry.npmjs.org/regenerator-runtime/-/regenerator-runtime-0.13.11.tgz",
          "integrity": "sha512-kY1AZVr2Ra+t+piVaJ4gxaFaReZVH40AKNo7UCX6W+dEwBo/2oZJzqfuN1qLq1oL45o56cPaTXELwrTh8Fpggg=="
        }
      }
    },
    "@mui/system": {
      "version": "5.11.13",
      "resolved": "https://registry.npmjs.org/@mui/system/-/system-5.11.13.tgz",
      "integrity": "sha512-OWP0Alp6C8ufnGm9+CZcl3d+OoRXL2PnrRT5ohaMLxvGL9OfNcL2t4JOjMmA0k1UAGd6E/Ygbu5lEPrZSDlvCg==",
      "requires": {
        "@babel/runtime": "^7.21.0",
        "@mui/private-theming": "^5.11.13",
        "@mui/styled-engine": "^5.11.11",
        "@mui/types": "^7.2.3",
        "@mui/utils": "^5.11.13",
        "clsx": "^1.2.1",
        "csstype": "^3.1.1",
        "prop-types": "^15.8.1"
      },
      "dependencies": {
        "@babel/runtime": {
          "version": "7.21.0",
          "resolved": "https://registry.npmjs.org/@babel/runtime/-/runtime-7.21.0.tgz",
          "integrity": "sha512-xwII0//EObnq89Ji5AKYQaRYiW/nZ3llSv29d49IuxPhKbtJoLP+9QUUZ4nVragQVtaVGeZrpB+ZtG/Pdy/POw==",
          "requires": {
            "regenerator-runtime": "^0.13.11"
          }
        },
        "regenerator-runtime": {
          "version": "0.13.11",
          "resolved": "https://registry.npmjs.org/regenerator-runtime/-/regenerator-runtime-0.13.11.tgz",
          "integrity": "sha512-kY1AZVr2Ra+t+piVaJ4gxaFaReZVH40AKNo7UCX6W+dEwBo/2oZJzqfuN1qLq1oL45o56cPaTXELwrTh8Fpggg=="
        }
      }
    },
    "@mui/types": {
      "version": "7.2.3",
      "resolved": "https://registry.npmjs.org/@mui/types/-/types-7.2.3.tgz",
      "integrity": "sha512-tZ+CQggbe9Ol7e/Fs5RcKwg/woU+o8DCtOnccX6KmbBc7YrfqMYEYuaIcXHuhpT880QwNkZZ3wQwvtlDFA2yOw=="
    },
    "@mui/utils": {
      "version": "5.11.13",
      "resolved": "https://registry.npmjs.org/@mui/utils/-/utils-5.11.13.tgz",
      "integrity": "sha512-5ltA58MM9euOuUcnvwFJqpLdEugc9XFsRR8Gt4zZNb31XzMfSKJPR4eumulyhsOTK1rWf7K4D63NKFPfX0AxqA==",
      "requires": {
        "@babel/runtime": "^7.21.0",
        "@types/prop-types": "^15.7.5",
        "@types/react-is": "^16.7.1 || ^17.0.0",
        "prop-types": "^15.8.1",
        "react-is": "^18.2.0"
      },
      "dependencies": {
        "@babel/runtime": {
          "version": "7.21.0",
          "resolved": "https://registry.npmjs.org/@babel/runtime/-/runtime-7.21.0.tgz",
          "integrity": "sha512-xwII0//EObnq89Ji5AKYQaRYiW/nZ3llSv29d49IuxPhKbtJoLP+9QUUZ4nVragQVtaVGeZrpB+ZtG/Pdy/POw==",
          "requires": {
            "regenerator-runtime": "^0.13.11"
          }
        },
        "react-is": {
          "version": "18.2.0",
          "resolved": "https://registry.npmjs.org/react-is/-/react-is-18.2.0.tgz",
          "integrity": "sha512-xWGDIW6x921xtzPkhiULtthJHoJvBbF3q26fzloPCK0hsvxtPVelvftw3zjbHWSkR2km9Z+4uxbDDK/6Zw9B8w=="
        },
        "regenerator-runtime": {
          "version": "0.13.11",
          "resolved": "https://registry.npmjs.org/regenerator-runtime/-/regenerator-runtime-0.13.11.tgz",
          "integrity": "sha512-kY1AZVr2Ra+t+piVaJ4gxaFaReZVH40AKNo7UCX6W+dEwBo/2oZJzqfuN1qLq1oL45o56cPaTXELwrTh8Fpggg=="
        }
      }
    },
    "@popperjs/core": {
      "version": "2.11.6",
      "resolved": "https://registry.npmjs.org/@popperjs/core/-/core-2.11.6.tgz",
      "integrity": "sha512-50/17A98tWUfQ176raKiOGXuYpLyyVMkxxG6oylzL3BPOlA6ADGdK7EYunSa4I064xerltq9TGXs8HmOk5E+vw=="
    },
    "@types/prop-types": {
      "version": "15.7.5",
      "resolved": "https://registry.npmjs.org/@types/prop-types/-/prop-types-15.7.5.tgz",
      "integrity": "sha512-JCB8C6SnDoQf0cNycqd/35A7MjcnK+ZTqE7judS6o7utxUCg6imJg3QK2qzHKszlTjcj2cn+NwMB2i96ubpj7w=="
    },
    "@types/react": {
      "version": "18.0.28",
      "resolved": "https://registry.npmjs.org/@types/react/-/react-18.0.28.tgz",
      "integrity": "sha512-RD0ivG1kEztNBdoAK7lekI9M+azSnitIn85h4iOiaLjaTrMjzslhaqCGaI4IyCJ1RljWiLCEu4jyrLLgqxBTew==",
      "requires": {
        "@types/prop-types": "*",
        "@types/scheduler": "*",
        "csstype": "^3.0.2"
      }
    },
    "@types/react-is": {
      "version": "17.0.3",
      "resolved": "https://registry.npmjs.org/@types/react-is/-/react-is-17.0.3.tgz",
      "integrity": "sha512-aBTIWg1emtu95bLTLx0cpkxwGW3ueZv71nE2YFBpL8k/z5czEW8yYpOo8Dp+UUAFAtKwNaOsh/ioSeQnWlZcfw==",
      "requires": {
        "@types/react": "*"
      }
    },
    "@types/react-transition-group": {
      "version": "4.4.5",
      "resolved": "https://registry.npmjs.org/@types/react-transition-group/-/react-transition-group-4.4.5.tgz",
      "integrity": "sha512-juKD/eiSM3/xZYzjuzH6ZwpP+/lejltmiS3QEzV/vmb/Q8+HfDmxu+Baga8UEMGBqV88Nbg4l2hY/K2DkyaLLA==",
      "requires": {
        "@types/react": "*"
      }
    },
    "@types/scheduler": {
      "version": "0.16.2",
      "resolved": "https://registry.npmjs.org/@types/scheduler/-/scheduler-0.16.2.tgz",
      "integrity": "sha512-hppQEBDmlwhFAXKJX2KnWLYu5yMfi91yazPb2l+lbJiwW+wdo1gNeRA+3RgNSO39WYX2euey41KEwnqesU2Jew=="
    },
    "@vitejs/plugin-react-refresh": {
      "version": "1.3.6",
      "dev": true,
      "requires": {
        "@babel/core": "^7.14.8",
        "@babel/plugin-transform-react-jsx-self": "^7.14.5",
        "@babel/plugin-transform-react-jsx-source": "^7.14.5",
        "@rollup/pluginutils": "^4.1.1",
        "react-refresh": "^0.10.0"
      }
    },
    "clsx": {
      "version": "1.2.1",
      "resolved": "https://registry.npmjs.org/clsx/-/clsx-1.2.1.tgz",
      "integrity": "sha512-EcR6r5a8bj6pu3ycsa/E/cKVGuTgZJZdsyUYHOksG/UHIiKfjxzRxYJpyVBwYaQeOvghal9fcc4PidlgzugAQg=="
    },
    "csstype": {
      "version": "3.1.1",
      "resolved": "https://registry.npmjs.org/csstype/-/csstype-3.1.1.tgz",
      "integrity": "sha512-DJR/VvkAvSZW9bTouZue2sSxDwdTN92uHjqeKVm+0dAqdfNykRzQ95tay8aXMBAAPpUiq4Qcug2L7neoRh2Egw=="
    },
    "dom-helpers": {
      "version": "5.2.1",
      "resolved": "https://registry.npmjs.org/dom-helpers/-/dom-helpers-5.2.1.tgz",
      "integrity": "sha512-nRCa7CK3VTrM2NmGkIy4cbK7IZlgBE/PYMn55rrXefr5xXDP0LdtfPnblFDoVdcAfslJ7or6iqAUnx0CCGIWQA==",
      "requires": {
        "@babel/runtime": "^7.8.7",
        "csstype": "^3.0.2"
      }
    },
    "loose-envify": {
      "version": "1.4.0",
      "requires": {
        "js-tokens": "^3.0.0 || ^4.0.0"
      }
    },
    "prop-types": {
      "version": "15.8.1",
      "requires": {
        "loose-envify": "^1.4.0",
        "object-assign": "^4.1.1",
        "react-is": "^16.13.1"
      }
    },
    "react": {
      "version": "17.0.2",
      "requires": {
        "loose-envify": "^1.1.0",
        "object-assign": "^4.1.1"
      }
    },
    "react-dom": {
      "version": "17.0.2",
      "requires": {
        "loose-envify": "^1.1.0",
        "object-assign": "^4.1.1",
        "scheduler": "^0.20.2"
      }
    },
    "react-helmet-async": {
      "version": "1.2.3",
      "requires": {
        "@babel/runtime": "^7.12.5",
        "invariant": "^2.2.4",
        "prop-types": "^15.7.2",
        "react-fast-compare": "^3.2.0",
        "shallowequal": "^1.1.0"
      }
    },
    "react-router-dom": {
      "version": "6.3.0",
      "requires": {
        "history": "^5.2.0",
        "react-router": "6.3.0"
      }
    },
    "react-transition-group": {
      "version": "4.4.5",
      "resolved": "https://registry.npmjs.org/react-transition-group/-/react-transition-group-4.4.5.tgz",
      "integrity": "sha512-pZcd1MCJoiKiBR2NRxeCRg13uCXbydPnmB4EOeRrY7480qNWO8IIgQG6zlDkm6uRMsURXPuKq0GWtiM59a5Q6g==",
      "requires": {
        "@babel/runtime": "^7.5.5",
        "dom-helpers": "^5.0.1",
        "loose-envify": "^1.4.0",
        "prop-types": "^15.6.2"
      }
    },
    "stylis": {
      "version": "4.1.3",
      "resolved": "https://registry.npmjs.org/stylis/-/stylis-4.1.3.tgz",
      "integrity": "sha512-GP6WDNWf+o403jrEp9c5jibKavrtLW+/qYGhFxFrG8maXhwTBI7gLLhiBb0o7uFccWN+EOS9aMO6cGHWAO07OA=="
    },
    "vite": {
      "version": "2.7.13",
      "dev": true,
      "requires": {
        "esbuild": "^0.13.12",
        "fsevents": "~2.3.2",
        "postcss": "^8.4.5",
        "resolve": "^1.20.0",
        "rollup": "^2.59.0"
      }
    }
  }
}
